
Microsoft Visual Studio Solution File, Format Version 12.00
# Visual Studio 15
Project("{FAE04EC0-301F-11D3-BF4B-00C04F79EFBC}") = "Assembly-CSharp", "Assembly-CSharp.csproj", "{820E8F3B-3B28-FFB1-4E57-A04AED33564E}"
EndProject
Global
	GlobalSection(SolutionConfigurationPlatforms) = preSolution
		Debug|Any CPU = Debug|Any CPU
		Release|Any CPU = Release|Any CPU
	EndGlobalSection
	GlobalSection(ProjectConfigurationPlatforms) = postSolution
		{820E8F3B-3B28-FFB1-4E57-A04AED33564E}.Debug|Any CPU.ActiveCfg = Debug|Any CPU
		{820E8F3B-3B28-FFB1-4E57-A04AED33564E}.Debug|Any CPU.Build.0 = Debug|Any CPU
		{820E8F3B-3B28-FFB1-4E57-A04AED33564E}.Release|Any CPU.ActiveCfg = Release|Any CPU
		{820E8F3B-3B28-FFB1-4E57-A04AED33564E}.Release|Any CPU.Build.0 = Release|Any CPU
	EndGlobalSection
	GlobalSection(SolutionProperties) = preSolution
		HideSolutionNode = FALSE
	EndGlobalSection
EndGlobal
